// !$*UTF8*$!
{
	archiveVersion = 1;
	classes = {
	};
	objectVersion = 56;
	objects = {

/* Begin PBXBuildFile section */
		06DE28762A7FD00200B2CCC0 /* SwiftUIContinuedLearningApp.swift in Sources */ = {isa = PBXBuildFile; fileRef = 06DE28752A7FD00200B2CCC0 /* SwiftUIContinuedLearningApp.swift */; };
		06DE28782A7FD00200B2CCC0 /* ContentView.swift in Sources */ = {isa = PBXBuildFile; fileRef = 06DE28772A7FD00200B2CCC0 /* ContentView.swift */; };
		06DE287A2A7FD00400B2CCC0 /* Assets.xcassets in Resources */ = {isa = PBXBuildFile; fileRef = 06DE28792A7FD00400B2CCC0 /* Assets.xcassets */; };
		06DE287D2A7FD00400B2CCC0 /* Preview Assets.xcassets in Resources */ = {isa = PBXBuildFile; fileRef = 06DE287C2A7FD00400B2CCC0 /* Preview Assets.xcassets */; };
		06DE28842A7FD66900B2CCC0 /* LongPressGestureSample.swift in Sources */ = {isa = PBXBuildFile; fileRef = 06DE28832A7FD66900B2CCC0 /* LongPressGestureSample.swift */; };
		06DE28862A80632400B2CCC0 /* MagnificationGestureSample.swift in Sources */ = {isa = PBXBuildFile; fileRef = 06DE28852A80632400B2CCC0 /* MagnificationGestureSample.swift */; };
		06DE28882A81267100B2CCC0 /* DragGestureSample.swift in Sources */ = {isa = PBXBuildFile; fileRef = 06DE28872A81267100B2CCC0 /* DragGestureSample.swift */; };
/* End PBXBuildFile section */

/* Begin PBXFileReference section */
		06DE28722A7FD00200B2CCC0 /* SwiftUIContinuedLearning.app */ = {isa = PBXFileReference; explicitFileType = wrapper.application; includeInIndex = 0; path = SwiftUIContinuedLearning.app; sourceTree = BUILT_PRODUCTS_DIR; };
		06DE28752A7FD00200B2CCC0 /* SwiftUIContinuedLearningApp.swift */ = {isa = PBXFileReference; lastKnownFileType = sourcecode.swift; path = SwiftUIContinuedLearningApp.swift; sourceTree = "<group>"; };
		06DE28772A7FD00200B2CCC0 /* ContentView.swift */ = {isa = PBXFileReference; lastKnownFileType = sourcecode.swift; path = ContentView.swift; sourceTree = "<group>"; };
		06DE28792A7FD00400B2CCC0 /* Assets.xcassets */ = {isa = PBXFileReference; lastKnownFileType = folder.assetcatalog; path = Assets.xcassets; sourceTree = "<group>"; };
		06DE287C2A7FD00400B2CCC0 /* Preview Assets.xcassets */ = {isa = PBXFileReference; lastKnownFileType = folder.assetcatalog; path = "Preview Assets.xcassets"; sourceTree = "<group>"; };
		06DE28832A7FD66900B2CCC0 /* LongPressGestureSample.swift */ = {isa = PBXFileReference; lastKnownFileType = sourcecode.swift; path = LongPressGestureSample.swift; sourceTree = "<group>"; };
		06DE28852A80632400B2CCC0 /* MagnificationGestureSample.swift */ = {isa = PBXFileReference; lastKnownFileType = sourcecode.swift; path = MagnificationGestureSample.swift; sourceTree = "<group>"; };
		06DE28872A81267100B2CCC0 /* DragGestureSample.swift */ = {isa = PBXFileReference; lastKnownFileType = sourcecode.swift; path = DragGestureSample.swift; sourceTree = "<group>"; };
/* End PBXFileReference section */

/* Begin PBXFrameworksBuildPhase section */
		06DE286F2A7FD00200B2CCC0 /* Frameworks */ = {
			isa = PBXFrameworksBuildPhase;
			buildActionMask = 2147483647;
			files = (
			);
			runOnlyForDeploymentPostprocessing = 0;
		};
/* End PBXFrameworksBuildPhase section */

/* Begin PBXGroup section */
		06DE28692A7FD00200B2CCC0 = {
			isa = PBXGroup;
			children = (
				06DE28742A7FD00200B2CCC0 /* SwiftUIContinuedLearning */,
				06DE28732A7FD00200B2CCC0 /* Products */,
			);
			sourceTree = "<group>";
		};
		06DE28732A7FD00200B2CCC0 /* Products */ = {
			isa = PBXGroup;
			children = (
				06DE28722A7FD00200B2CCC0 /* SwiftUIContinuedLearning.app */,
			);
			name = Products;
			sourceTree = "<group>";
		};
		06DE28742A7FD00200B2CCC0 /* SwiftUIContinuedLearning */ = {
			isa = PBXGroup;
			children = (
				06DE28752A7FD00200B2CCC0 /* SwiftUIContinuedLearningApp.swift */,
				06DE28772A7FD00200B2CCC0 /* ContentView.swift */,
				06DE28832A7FD66900B2CCC0 /* LongPressGestureSample.swift */,
				06DE28852A80632400B2CCC0 /* MagnificationGestureSample.swift */,
				06DE28872A81267100B2CCC0 /* DragGestureSample.swift */,
				06DE28792A7FD00400B2CCC0 /* Assets.xcassets */,
				06DE287B2A7FD00400B2CCC0 /* Preview Content */,
			);
			path = SwiftUIContinuedLearning;
			sourceTree = "<group>";
		};
		06DE287B2A7FD00400B2CCC0 /* Preview Content */ = {
			isa = PBXGroup;
			children = (
				06DE287C2A7FD00400B2CCC0 /* Preview Assets.xcassets */,
			);
			path = "Preview Content";
			sourceTree = "<group>";
		};
/* End PBXGroup section */

/* Begin PBXNativeTarget section */
		06DE28712A7FD00200B2CCC0 /* SwiftUIContinuedLearning */ = {
			isa = PBXNativeTarget;
			buildConfigurationList = 06DE28802A7FD00400B2CCC0 /* Build configuration list for PBXNativeTarget "SwiftUIContinuedLearning" */;
			buildPhases = (
				06DE286E2A7FD00200B2CCC0 /* Sources */,
				06DE286F2A7FD00200B2CCC0 /* Frameworks */,
				06DE28702A7FD00200B2CCC0 /* Resources */,
			);
			buildRules = (
			);
			dependencies = (
			);
			name = SwiftUIContinuedLearning;
			productName = SwiftUIContinuedLearning;
			productReference = 06DE28722A7FD00200B2CCC0 /* SwiftUIContinuedLearning.app */;
			productType = "com.apple.product-type.application";
		};
/* End PBXNativeTarget section */

/* Begin PBXProject section */
		06DE286A2A7FD00200B2CCC0 /* Project object */ = {
			isa = PBXProject;
			attributes = {
				BuildIndependentTargetsInParallel = 1;
				LastSwiftUpdateCheck = 1430;
				LastUpgradeCheck = 1430;
				TargetAttributes = {
					06DE28712A7FD00200B2CCC0 = {
						CreatedOnToolsVersion = 14.3.1;
					};
				};
			};
			buildConfigurationList = 06DE286D2A7FD00200B2CCC0 /* Build configuration list for PBXProject "SwiftUIContinuedLearning" */;
			compatibilityVersion = "Xcode 14.0";
			developmentRegion = en;
			hasScannedForEncodings = 0;
			knownRegions = (
				en,
				Base,
			);
			mainGroup = 06DE28692A7FD00200B2CCC0;
			productRefGroup = 06DE28732A7FD00200B2CCC0 /* Products */;
			projectDirPath = "";
			projectRoot = "";
			targets = (
				06DE28712A7FD00200B2CCC0 /* SwiftUIContinuedLearning */,
			);
		};
/* End PBXProject section */

/* Begin PBXResourcesBuildPhase section */
		06DE28702A7FD00200B2CCC0 /* Resources */ = {
			isa = PBXResourcesBuildPhase;
			buildActionMask = 2147483647;
			files = (
				06DE287D2A7FD00400B2CCC0 /* Preview Assets.xcassets in Resources */,
				06DE287A2A7FD00400B2CCC0 /* Assets.xcassets in Resources */,
			);
			runOnlyForDeploymentPostprocessing = 0;
		};
/* End PBXResourcesBuildPhase section */

/* Begin PBXSourcesBuildPhase section */
		06DE286E2A7FD00200B2CCC0 /* Sources */ = {
			isa = PBXSourcesBuildPhase;
			buildActionMask = 2147483647;
			files = (
				06DE28782A7FD00200B2CCC0 /* ContentView.swift in Sources */,
				06DE28882A81267100B2CCC0 /* DragGestureSample.swift in Sources */,
				06DE28842A7FD66900B2CCC0 /* LongPressGestureSample.swift in Sources */,
				06DE28862A80632400B2CCC0 /* MagnificationGestureSample.swift in Sources */,
				06DE28762A7FD00200B2CCC0 /* SwiftUIContinuedLearningApp.swift in Sources */,
			);
			runOnlyForDeploymentPostprocessing = 0;
		};
/* End PBXSourcesBuildPhase section */

/* Begin XCBuildConfiguration section */
		06DE287E2A7FD00400B2CCC0 /* Debug */ = {
			isa = XCBuildConfiguration;
			buildSettings = {
				ALWAYS_SEARCH_USER_PATHS = NO;
				CLANG_ANALYZER_NONNULL = YES;
				CLANG_ANALYZER_NUMBER_OBJECT_CONVERSION = YES_AGGRESSIVE;
				CLANG_CXX_LANGUAGE_STANDARD = "gnu++20";
				CLANG_ENABLE_MODULES = YES;
				CLANG_ENABLE_OBJC_ARC = YES;
				CLANG_ENABLE_OBJC_WEAK = YES;
				CLANG_WARN_BLOCK_CAPTURE_AUTORELEASING = YES;
				CLANG_WARN_BOOL_CONVERSION = YES;
				CLANG_WARN_COMMA = YES;
				CLANG_WARN_CONSTANT_CONVERSION = YES;
				CLANG_WARN_DEPRECATED_OBJC_IMPLEMENTATIONS = YES;
				CLANG_WARN_DIRECT_OBJC_ISA_USAGE = YES_ERROR;
				CLANG_WARN_DOCUMENTATION_COMMENTS = YES;
				CLANG_WARN_EMPTY_BODY = YES;
				CLANG_WARN_ENUM_CONVERSION = YES;
				CLANG_WARN_INFINITE_RECURSION = YES;
				CLANG_WARN_INT_CONVERSION = YES;
				CLANG_WARN_NON_LITERAL_NULL_CONVERSION = YES;
				CLANG_WARN_OBJC_IMPLICIT_RETAIN_SELF = YES;
				CLANG_WARN_OBJC_LITERAL_CONVERSION = YES;
				CLANG_WARN_OBJC_ROOT_CLASS = YES_ERROR;
				CLANG_WARN_QUOTED_INCLUDE_IN_FRAMEWORK_HEADER = YES;
				CLANG_WARN_RANGE_LOOP_ANALYSIS = YES;
				CLANG_WARN_STRICT_PROTOTYPES = YES;
				CLANG_WARN_SUSPICIOUS_MOVE = YES;
				CLANG_WARN_UNGUARDED_AVAILABILITY = YES_AGGRESSIVE;
				CLANG_WARN_UNREACHABLE_CODE = YES;
				CLANG_WARN__DUPLICATE_METHOD_MATCH = YES;
				COPY_PHASE_STRIP = NO;
				DEBUG_INFORMATION_FORMAT = dwarf;
				ENABLE_STRICT_OBJC_MSGSEND = YES;
				ENABLE_TESTABILITY = YES;
				GCC_C_LANGUAGE_STANDARD = gnu11;
				GCC_DYNAMIC_NO_PIC = NO;
				GCC_NO_COMMON_BLOCKS = YES;
				GCC_OPTIMIZATION_LEVEL = 0;
				GCC_PREPROCESSOR_DEFINITIONS = (
					"DEBUG=1",
					"$(inherited)",
				);
				GCC_WARN_64_TO_32_BIT_CONVERSION = YES;
				GCC_WARN_ABOUT_RETURN_TYPE = YES_ERROR;
				GCC_WARN_UNDECLARED_SELECTOR = YES;
				GCC_WARN_UNINITIALIZED_AUTOS = YES_AGGRESSIVE;
				GCC_WARN_UNUSED_FUNCTION = YES;
				GCC_WARN_UNUSED_VARIABLE = YES;
				IPHONEOS_DEPLOYMENT_TARGET = 16.4;
				MTL_ENABLE_DEBUG_INFO = INCLUDE_SOURCE;
				MTL_FAST_MATH = YES;
				ONLY_ACTIVE_ARCH = YES;
				SDKROOT = iphoneos;
				SWIFT_ACTIVE_COMPILATION_CONDITIONS = DEBUG;
				SWIFT_OPTIMIZATION_LEVEL = "-Onone";
			};
			name = Debug;
		};
		06DE287F2A7FD00400B2CCC0 /* Release */ = {
			isa = XCBuildConfiguration;
			buildSettings = {
				ALWAYS_SEARCH_USER_PATHS = NO;
				CLANG_ANALYZER_NONNULL = YES;
				CLANG_ANALYZER_NUMBER_OBJECT_CONVERSION = YES_AGGRESSIVE;
				CLANG_CXX_LANGUAGE_STANDARD = "gnu++20";
				CLANG_ENABLE_MODULES = YES;
				CLANG_ENABLE_OBJC_ARC = YES;
				CLANG_ENABLE_OBJC_WEAK = YES;
				CLANG_WARN_BLOCK_CAPTURE_AUTORELEASING = YES;
				CLANG_WARN_BOOL_CONVERSION = YES;
				CLANG_WARN_COMMA = YES;
				CLANG_WARN_CONSTANT_CONVERSION = YES;
				CLANG_WARN_DEPRECATED_OBJC_IMPLEMENTATIONS = YES;
				CLANG_WARN_DIRECT_OBJC_ISA_USAGE = YES_ERROR;
				CLANG_WARN_DOCUMENTATION_COMMENTS = YES;
				CLANG_WARN_EMPTY_BODY = YES;
				CLANG_WARN_ENUM_CONVERSION = YES;
				CLANG_WARN_INFINITE_RECURSION = YES;
				CLANG_WARN_INT_CONVERSION = YES;
				CLANG_WARN_NON_LITERAL_NULL_CONVERSION = YES;
				CLANG_WARN_OBJC_IMPLICIT_RETAIN_SELF = YES;
				CLANG_WARN_OBJC_LITERAL_CONVERSION = YES;
				CLANG_WARN_OBJC_ROOT_CLASS = YES_ERROR;
				CLANG_WARN_QUOTED_INCLUDE_IN_FRAMEWORK_HEADER = YES;
				CLANG_WARN_RANGE_LOOP_ANALYSIS = YES;
				CLANG_WARN_STRICT_PROTOTYPES = YES;
				CLANG_WARN_SUSPICIOUS_MOVE = YES;
				CLANG_WARN_UNGUARDED_AVAILABILITY = YES_AGGRESSIVE;
				CLANG_WARN_UNREACHABLE_CODE = YES;
				CLANG_WARN__DUPLICATE_METHOD_MATCH = YES;
				COPY_PHASE_STRIP = NO;
				DEBUG_INFORMATION_FORMAT = "dwarf-with-dsym";
				ENABLE_NS_ASSERTIONS = NO;
				ENABLE_STRICT_OBJC_MSGSEND = YES;
				GCC_C_LANGUAGE_STANDARD = gnu11;
				GCC_NO_COMMON_BLOCKS = YES;
				GCC_WARN_64_TO_32_BIT_CONVERSION = YES;
				GCC_WARN_ABOUT_RETURN_TYPE = YES_ERROR;
				GCC_WARN_UNDECLARED_SELECTOR = YES;
				GCC_WARN_UNINITIALIZED_AUTOS = YES_AGGRESSIVE;
				GCC_WARN_UNUSED_FUNCTION = YES;
				GCC_WARN_UNUSED_VARIABLE = YES;
				IPHONEOS_DEPLOYMENT_TARGET = 16.4;
				MTL_ENABLE_DEBUG_INFO = NO;
				MTL_FAST_MATH = YES;
				SDKROOT = iphoneos;
				SWIFT_COMPILATION_MODE = wholemodule;
				SWIFT_OPTIMIZATION_LEVEL = "-O";
				VALIDATE_PRODUCT = YES;
			};
			name = Release;
		};
		06DE28812A7FD00400B2CCC0 /* Debug */ = {
			isa = XCBuildConfiguration;
			buildSettings = {
				ASSETCATALOG_COMPILER_APPICON_NAME = AppIcon;
				ASSETCATALOG_COMPILER_GLOBAL_ACCENT_COLOR_NAME = AccentColor;
				CODE_SIGN_STYLE = Automatic;
				CURRENT_PROJECT_VERSION = 1;
				DEVELOPMENT_ASSET_PATHS = "\"SwiftUIContinuedLearning/Preview Content\"";
				DEVELOPMENT_TEAM = MJ6GJY4DTM;
				ENABLE_PREVIEWS = YES;
				GENERATE_INFOPLIST_FILE = YES;
				INFOPLIST_KEY_UIApplicationSceneManifest_Generation = YES;
				INFOPLIST_KEY_UIApplicationSupportsIndirectInputEvents = YES;
				INFOPLIST_KEY_UILaunchScreen_Generation = YES;
				INFOPLIST_KEY_UISupportedInterfaceOrientations_iPad = "UIInterfaceOrientationPortrait UIInterfaceOrientationPortraitUpsideDown UIInterfaceOrientationLandscapeLeft UIInterfaceOrientationLandscapeRight";
				INFOPLIST_KEY_UISupportedInterfaceOrientations_iPhone = "UIInterfaceOrientationPortrait UIInterfaceOrientationLandscapeLeft UIInterfaceOrientationLandscapeRight";
				LD_RUNPATH_SEARCH_PATHS = (
					"$(inherited)",
					"@executable_path/Frameworks",
				);
				MARKETING_VERSION = 1.0;
				PRODUCT_BUNDLE_IDENTIFIER = com.softminilab.swiftTutorial.SwiftUIContinuedLearning;
				PRODUCT_NAME = "$(TARGET_NAME)";
				SWIFT_EMIT_LOC_STRINGS = YES;
				SWIFT_VERSION = 5.0;
				TARGETED_DEVICE_FAMILY = "1,2";
			};
			name = Debug;
		};
		06DE28822A7FD00400B2CCC0 /* Release */ = {
			isa = XCBuildConfiguration;
			buildSettings = {
				ASSETCATALOG_COMPILER_APPICON_NAME = AppIcon;
				ASSETCATALOG_COMPILER_GLOBAL_ACCENT_COLOR_NAME = AccentColor;
				CODE_SIGN_STYLE = Automatic;
				CURRENT_PROJECT_VERSION = 1;
				DEVELOPMENT_ASSET_PATHS = "\"SwiftUIContinuedLearning/Preview Content\"";
				DEVELOPMENT_TEAM = MJ6GJY4DTM;
				ENABLE_PREVIEWS = YES;
				GENERATE_INFOPLIST_FILE = YES;
				INFOPLIST_KEY_UIApplicationSceneManifest_Generation = YES;
				INFOPLIST_KEY_UIApplicationSupportsIndirectInputEvents = YES;
				INFOPLIST_KEY_UILaunchScreen_Generation = YES;
				INFOPLIST_KEY_UISupportedInterfaceOrientations_iPad = "UIInterfaceOrientationPortrait UIInterfaceOrientationPortraitUpsideDown UIInterfaceOrientationLandscapeLeft UIInterfaceOrientationLandscapeRight";
				INFOPLIST_KEY_UISupportedInterfaceOrientations_iPhone = "UIInterfaceOrientationPortrait UIInterfaceOrientationLandscapeLeft UIInterfaceOrientationLandscapeRight";
				LD_RUNPATH_SEARCH_PATHS = (
					"$(inherited)",
					"@executable_path/Frameworks",
				);
				MARKETING_VERSION = 1.0;
				PRODUCT_BUNDLE_IDENTIFIER = com.softminilab.swiftTutorial.SwiftUIContinuedLearning;
				PRODUCT_NAME = "$(TARGET_NAME)";
				SWIFT_EMIT_LOC_STRINGS = YES;
				SWIFT_VERSION = 5.0;
				TARGETED_DEVICE_FAMILY = "1,2";
			};
			name = Release;
		};
/* End XCBuildConfiguration section */

/* Begin XCConfigurationList section */
		06DE286D2A7FD00200B2CCC0 /* Build configuration list for PBXProject "SwiftUIContinuedLearning" */ = {
			isa = XCConfigurationList;
			buildConfigurations = (
				06DE287E2A7FD00400B2CCC0 /* Debug */,
				06DE287F2A7FD00400B2CCC0 /* Release */,
			);
			defaultConfigurationIsVisible = 0;
			defaultConfigurationName = Release;
		};
		06DE28802A7FD00400B2CCC0 /* Build configuration list for PBXNativeTarget "SwiftUIContinuedLearning" */ = {
			isa = XCConfigurationList;
			buildConfigurations = (
				06DE28812A7FD00400B2CCC0 /* Debug */,
				06DE28822A7FD00400B2CCC0 /* Release */,
			);
			defaultConfigurationIsVisible = 0;
			defaultConfigurationName = Release;
		};
/* End XCConfigurationList section */
	};
	rootObject = 06DE286A2A7FD00200B2CCC0 /* Project object */;
}
